PODS:
  - AFNetworking (1.3.4)
  - ALAlertBanner (0.3.1)
  - MarqueeLabel (1.2.8)
  - MMDrawerController (0.5.7):
    - MMDrawerController/Core (= 0.5.7)
    - MMDrawerController/MMDrawerBarButtonItem (= 0.5.7)
    - MMDrawerController/MMDrawerVisualStates (= 0.5.7)
    - MMDrawerController/Subclass (= 0.5.7)
  - MMDrawerController/Core (0.5.7)
  - MMDrawerController/MMDrawerBarButtonItem (0.5.7):
    - MMDrawerController/Core
  - MMDrawerController/MMDrawerVisualStates (0.5.7):
    - MMDrawerController/Core
  - MMDrawerController/Subclass (0.5.7):
    - MMDrawerController/Core

DEPENDENCIES:
  - AFNetworking (~> 1.3.2)
  - ALAlertBanner (~> 0.3.0)
  - MarqueeLabel (~> 1.2.2)
  - MMDrawerController (~> 0.5.1)

SPEC CHECKSUMS:
  AFNetworking: cf8e418e16f0c9c7e5c3150d019a3c679d015018
  ALAlertBanner: 08d82be509cd9b70c4ac0ee1e7ac250003a8b34b
  MarqueeLabel: 9f72382371a7ca9ce9d6143882c63b2adec50756
  MMDrawerController: 7a4cf8e25596bf2434e03ce50d22a8608ddee6a1

COCOAPODS: 0.37.2
